
Microsoft Visual Studio Solution File, Format Version 12.00
# Visual Studio 15
VisualStudioVersion = 15.0.26730.16
MinimumVisualStudioVersion = 10.0.40219.1
Project("{FAE04EC0-301F-11D3-BF4B-00C04F79EFBC}") = "Thickener.CLI", "Thickener.CLI\Thickener.CLI.csproj", "{F18BE94F-BD6B-41F0-89F8-CDFD40DD6A4B}"
EndProject
Project("{9A19103F-16F7-4668-BE54-9A1E7A4F7556}") = "Thickener", "Thickener\Thickener.csproj", "{73DF12DF-4F80-498B-8AAA-D640A1DA7B32}"
EndProject
Global
	GlobalSection(SolutionConfigurationPlatforms) = preSolution
		Debug|Any CPU = Debug|Any CPU
		Release|Any CPU = Release|Any CPU
	EndGlobalSection
	GlobalSection(ProjectConfigurationPlatforms) = postSolution
		{F18BE94F-BD6B-41F0-89F8-CDFD40DD6A4B}.Debug|Any CPU.ActiveCfg = Debug|Any CPU
		{F18BE94F-BD6B-41F0-89F8-CDFD40DD6A4B}.Debug|Any CPU.Build.0 = Debug|Any CPU
		{F18BE94F-BD6B-41F0-89F8-CDFD40DD6A4B}.Release|Any CPU.ActiveCfg = Release|Any CPU
		{F18BE94F-BD6B-41F0-89F8-CDFD40DD6A4B}.Release|Any CPU.Build.0 = Release|Any CPU
		{73DF12DF-4F80-498B-8AAA-D640A1DA7B32}.Debug|Any CPU.ActiveCfg = Debug|Any CPU
		{73DF12DF-4F80-498B-8AAA-D640A1DA7B32}.Debug|Any CPU.Build.0 = Debug|Any CPU
		{73DF12DF-4F80-498B-8AAA-D640A1DA7B32}.Release|Any CPU.ActiveCfg = Release|Any CPU
		{73DF12DF-4F80-498B-8AAA-D640A1DA7B32}.Release|Any CPU.Build.0 = Release|Any CPU
	EndGlobalSection
	GlobalSection(SolutionProperties) = preSolution
		HideSolutionNode = FALSE
	EndGlobalSection
	GlobalSection(ExtensibilityGlobals) = postSolution
		SolutionGuid = {092845DD-5C25-47B7-B1E4-47C338AAD72F}
	EndGlobalSection
EndGlobal
